dependencies:
- name: postgresql
  repository: https://charts.bitnami.com/bitnami
  version: 12.1.0
- name: common
  repository: file://charts/common
  version: 0.1.0
- name: kafka
  repository: https://charts.bitnami.com/bitnami
  version: 18.3.1
digest: sha256:e1ab6009e141c80d3d50cfe1b7056cab4464f4e796dddd68aa1040df7e4ec091
generated: "2022-12-24T22:21:10.9369335+02:00"
